
Microsoft Visual Studio Solution File, Format Version 12.00
# Visual Studio Version 17
VisualStudioVersion = 17.5.33627.172
MinimumVisualStudioVersion = 10.0.40219.1
Project("{9A19103F-16F7-4668-BE54-9A1E7A4F7556}") = "GymBackend.API", "GymBackend.API\GymBackend.API.csproj", "{76C26544-A90C-44ED-98D7-80AD56E0F4C6}"
EndProject
Project("{9A19103F-16F7-4668-BE54-9A1E7A4F7556}") = "GymBackend.Service", "GymBackend.Service\GymBackend.Service.csproj", "{41E934A2-C7EB-4D46-BBEB-E095E58D3DB2}"
EndProject
Project("{9A19103F-16F7-4668-BE54-9A1E7A4F7556}") = "GymBackend.Storage", "GymBackend.Storage\GymBackend.Storage.csproj", "{9D70809D-8E0F-4325-87AF-347AB5304CD6}"
EndProject
Project("{FAE04EC0-301F-11D3-BF4B-00C04F79EFBC}") = "GymBackend.Core", "GymBackend.Core\GymBackend.Core.csproj", "{1FD45D5C-8698-4CF9-A948-749E90BBE89A}"
EndProject
Global
	GlobalSection(SolutionConfigurationPlatforms) = preSolution
		Debug|Any CPU = Debug|Any CPU
		Release|Any CPU = Release|Any CPU
	EndGlobalSection
	GlobalSection(ProjectConfigurationPlatforms) = postSolution
		{76C26544-A90C-44ED-98D7-80AD56E0F4C6}.Debug|Any CPU.ActiveCfg = Debug|Any CPU
		{76C26544-A90C-44ED-98D7-80AD56E0F4C6}.Debug|Any CPU.Build.0 = Debug|Any CPU
		{76C26544-A90C-44ED-98D7-80AD56E0F4C6}.Release|Any CPU.ActiveCfg = Release|Any CPU
		{76C26544-A90C-44ED-98D7-80AD56E0F4C6}.Release|Any CPU.Build.0 = Release|Any CPU
		{41E934A2-C7EB-4D46-BBEB-E095E58D3DB2}.Debug|Any CPU.ActiveCfg = Debug|Any CPU
		{41E934A2-C7EB-4D46-BBEB-E095E58D3DB2}.Debug|Any CPU.Build.0 = Debug|Any CPU
		{41E934A2-C7EB-4D46-BBEB-E095E58D3DB2}.Release|Any CPU.ActiveCfg = Release|Any CPU
		{41E934A2-C7EB-4D46-BBEB-E095E58D3DB2}.Release|Any CPU.Build.0 = Release|Any CPU
		{9D70809D-8E0F-4325-87AF-347AB5304CD6}.Debug|Any CPU.ActiveCfg = Debug|Any CPU
		{9D70809D-8E0F-4325-87AF-347AB5304CD6}.Debug|Any CPU.Build.0 = Debug|Any CPU
		{9D70809D-8E0F-4325-87AF-347AB5304CD6}.Release|Any CPU.ActiveCfg = Release|Any CPU
		{9D70809D-8E0F-4325-87AF-347AB5304CD6}.Release|Any CPU.Build.0 = Release|Any CPU
		{1FD45D5C-8698-4CF9-A948-749E90BBE89A}.Debug|Any CPU.ActiveCfg = Debug|Any CPU
		{1FD45D5C-8698-4CF9-A948-749E90BBE89A}.Debug|Any CPU.Build.0 = Debug|Any CPU
		{1FD45D5C-8698-4CF9-A948-749E90BBE89A}.Release|Any CPU.ActiveCfg = Release|Any CPU
		{1FD45D5C-8698-4CF9-A948-749E90BBE89A}.Release|Any CPU.Build.0 = Release|Any CPU
	EndGlobalSection
	GlobalSection(SolutionProperties) = preSolution
		HideSolutionNode = FALSE
	EndGlobalSection
	GlobalSection(ExtensibilityGlobals) = postSolution
		SolutionGuid = {D7F0BD96-3C88-404D-8BCF-20D0D937D082}
	EndGlobalSection
EndGlobal
